{
  "name": "zootedme.github.io",
  "lockfileVersion": 2,
  "requires": true,
  "packages": {
    "": {
      "devDependencies": {
        "netlify-plugin-jekyll-cache": "^1.0.0"
      }
    },
    "node_modules/netlify-plugin-jekyll-cache": {
      "version": "1.0.0",
      "resolved": "https://registry.npmjs.org/netlify-plugin-jekyll-cache/-/netlify-plugin-jekyll-cache-1.0.0.tgz",
      "integrity": "sha512-OD2UNImwBZI20rrc0PbHvrZNW8NJgBP6GjNEQ4G0QX+V+KOftycxydfY5o/mIvAGlaf114zWAtqV/XF3CA8ulw==",
      "dev": true
    }
  },
  "dependencies": {
    "netlify-plugin-jekyll-cache": {
      "version": "1.0.0",
      "resolved": "https://registry.npmjs.org/netlify-plugin-jekyll-cache/-/netlify-plugin-jekyll-cache-1.0.0.tgz",
      "integrity": "sha512-OD2UNImwBZI20rrc0PbHvrZNW8NJgBP6GjNEQ4G0QX+V+KOftycxydfY5o/mIvAGlaf114zWAtqV/XF3CA8ulw==",
      "dev": true
    }
  }
}
